<?xml version="1.0" encoding="utf-8"?>
<Project ToolsVersion="4.0" xmlns="http://schemas.microsoft.com/developer/msbuild/2003">
  <ItemGroup>
    <Filter Include="Source Files">
      <UniqueIdentifier>{08b9c690-878c-4bb7-a716-d49336205ad8}</UniqueIdentifier>
      <Extensions>cpp;c;cxx;rc;def;r;odl;idl;hpj;bat</Extensions>
    </Filter>
    <Filter Include="Header Files">
      <UniqueIdentifier>{29849b7b-9f63-41a6-adad-89c1afb1a758}</UniqueIdentifier>
      <Extensions>h;hpp;hxx;hm;inl</Extensions>
    </Filter>
    <Filter Include="Resource Files">
      <UniqueIdentifier>{724a9603-05ec-4ab2-8e5b-d0e523d4d297}</UniqueIdentifier>
      <Extensions>ico;cur;bmp;dlg;rc2;rct;bin;cnt;rtf;gif;jpg;jpeg;jpe</Extensions>
    </Filter>
  </ItemGroup>
  <ItemGroup>
    <ClCompile Include="Asp.cxx">
      <Filter>Source Files</Filter>
    </ClCompile>
    <ClCompile Include="bitmap.cpp">
      <Filter>Source Files</Filter>
    </ClCompile>
    <ClCompile Include="cylspm.cxx">
      <Filter>Source Files</Filter>
    </ClCompile>
    <ClCompile Include="dialog.cpp">
      <Filter>Source Files</Filter>
    </ClCompile>
    <ClCompile Include="draw.cpp">
      <Filter>Source Files</Filter>
    </ClCompile>
    <ClCompile Include="dspr.cxx">
      <Filter>Source Files</Filter>
    </ClCompile>
    <ClCompile Include="edit.cpp">
      <Filter>Source Files</Filter>
    </ClCompile>
    <ClCompile Include="esp.cxx">
      <Filter>Source Files</Filter>
    </ClCompile>
    <ClCompile Include="esptree.cxx">
      <Filter>Source Files</Filter>
    </ClCompile>
    <ClCompile Include="ffwarp.cxx">
      <Filter>Source Files</Filter>
    </ClCompile>
    <ClCompile Include="file.cxx">
      <Filter>Source Files</Filter>
    </ClCompile>
    <ClCompile Include="floater.cxx">
      <Filter>Source Files</Filter>
    </ClCompile>
    <ClCompile Include="glppd.cpp">
      <Filter>Source Files</Filter>
    </ClCompile>
    <ClCompile Include="gltile.cpp">
      <Filter>Source Files</Filter>
    </ClCompile>
    <ClCompile Include="hestack.cxx">
      <Filter>Source Files</Filter>
    </ClCompile>
    <ClCompile Include="hidden.cpp">
      <Filter>Source Files</Filter>
    </ClCompile>
    <ClCompile Include="intsec.cxx">
      <Filter>Source Files</Filter>
    </ClCompile>
    <ClCompile Include="linbcg.cxx">
      <Filter>Source Files</Filter>
    </ClCompile>
    <ClCompile Include="MainFrm.cpp">
      <Filter>Source Files</Filter>
    </ClCompile>
    <ClCompile Include="Material.cpp">
      <Filter>Source Files</Filter>
    </ClCompile>
    <ClCompile Include="MaterialDialog.cpp">
      <Filter>Source Files</Filter>
    </ClCompile>
    <ClCompile Include="matlib.cxx">
      <Filter>Source Files</Filter>
    </ClCompile>
    <ClCompile Include="mdw.cxx">
      <Filter>Source Files</Filter>
    </ClCompile>
    <ClCompile Include="MeshInfoDialog.cpp">
      <Filter>Source Files</Filter>
    </ClCompile>
    <ClCompile Include="mytime.cxx">
      <Filter>Source Files</Filter>
    </ClCompile>
    <ClCompile Include="OpenGL.cpp">
      <Filter>Source Files</Filter>
    </ClCompile>
    <ClCompile Include="OpenGLDoc.cpp">
      <Filter>Source Files</Filter>
    </ClCompile>
    <ClCompile Include="OpenGLView.cpp">
      <Filter>Source Files</Filter>
    </ClCompile>
    <ClCompile Include="oppd.cxx">
      <Filter>Source Files</Filter>
    </ClCompile>
    <ClCompile Include="params.cxx">
      <Filter>Source Files</Filter>
    </ClCompile>
    <ClCompile Include="pick.cpp">
      <Filter>Source Files</Filter>
    </ClCompile>
    <ClCompile Include="ppd.cxx">
      <Filter>Source Files</Filter>
    </ClCompile>
    <ClCompile Include="ppdedge.cxx">
      <Filter>Source Files</Filter>
    </ClCompile>
    <ClCompile Include="ppdface.cxx">
      <Filter>Source Files</Filter>
    </ClCompile>
    <ClCompile Include="ppdlist.cxx">
      <Filter>Source Files</Filter>
    </ClCompile>
    <ClCompile Include="ppdloop.cxx">
      <Filter>Source Files</Filter>
    </ClCompile>
    <ClCompile Include="ppdnormal.cxx">
      <Filter>Source Files</Filter>
    </ClCompile>
    <ClCompile Include="ppdpart.cxx">
      <Filter>Source Files</Filter>
    </ClCompile>
    <ClCompile Include="ppdsolid.cxx">
      <Filter>Source Files</Filter>
    </ClCompile>
    <ClCompile Include="ppdvertex.cxx">
      <Filter>Source Files</Filter>
    </ClCompile>
    <ClCompile Include="ps.cxx">
      <Filter>Source Files</Filter>
    </ClCompile>
    <ClCompile Include="quadtree.cxx">
      <Filter>Source Files</Filter>
    </ClCompile>
    <ClCompile Include="QuitDialog.cpp">
      <Filter>Source Files</Filter>
    </ClCompile>
    <ClCompile Include="remesh.cxx">
      <Filter>Source Files</Filter>
    </ClCompile>
    <ClCompile Include="screen.cxx">
      <Filter>Source Files</Filter>
    </ClCompile>
    <ClCompile Include="sellist.cxx">
      <Filter>Source Files</Filter>
    </ClCompile>
    <ClCompile Include="sgprique.cxx">
      <Filter>Source Files</Filter>
    </ClCompile>
    <ClCompile Include="sgraph.cxx">
      <Filter>Source Files</Filter>
    </ClCompile>
    <ClCompile Include="sigproc.cxx">
      <Filter>Source Files</Filter>
    </ClCompile>
    <ClCompile Include="smd.cpp">
      <Filter>Source Files</Filter>
    </ClCompile>
    <ClCompile Include="smf.cxx">
      <Filter>Source Files</Filter>
    </ClCompile>
    <ClCompile Include="SPDialog.cpp">
      <Filter>Source Files</Filter>
    </ClCompile>
    <ClCompile Include="spedprique.cxx">
      <Filter>Source Files</Filter>
    </ClCompile>
    <ClCompile Include="spm.cxx">
      <Filter>Source Files</Filter>
    </ClCompile>
    <ClCompile Include="SRDialog.cpp">
      <Filter>Source Files</Filter>
    </ClCompile>
    <ClCompile Include="StdAfx.cpp">
      <Filter>Source Files</Filter>
    </ClCompile>
    <ClCompile Include="texture.cxx">
      <Filter>Source Files</Filter>
    </ClCompile>
    <ClCompile Include="tfcremesh.cxx">
      <Filter>Source Files</Filter>
    </ClCompile>
    <ClCompile Include="tile.cxx">
      <Filter>Source Files</Filter>
    </ClCompile>
    <ClCompile Include="TileDialog.cpp">
      <Filter>Source Files</Filter>
    </ClCompile>
    <ClCompile Include="umbrella.cxx">
      <Filter>Source Files</Filter>
    </ClCompile>
    <ClCompile Include="uvwsigproc.cxx">
      <Filter>Source Files</Filter>
    </ClCompile>
    <ClCompile Include="veclib.cxx">
      <Filter>Source Files</Filter>
    </ClCompile>
  </ItemGroup>
  <ItemGroup>
    <ResourceCompile Include="OpenGL.rc">
      <Filter>Source Files</Filter>
    </ResourceCompile>
  </ItemGroup>
  <ItemGroup>
    <ClInclude Include="Asp.h">
      <Filter>Header Files</Filter>
    </ClInclude>
    <ClInclude Include="Bitmap.h">
      <Filter>Header Files</Filter>
    </ClInclude>
    <ClInclude Include="color.h">
      <Filter>Header Files</Filter>
    </ClInclude>
    <ClInclude Include="cylspm.h">
      <Filter>Header Files</Filter>
    </ClInclude>
    <ClInclude Include="dialog.h">
      <Filter>Header Files</Filter>
    </ClInclude>
    <ClInclude Include="draw.h">
      <Filter>Header Files</Filter>
    </ClInclude>
    <ClInclude Include="dspr.h">
      <Filter>Header Files</Filter>
    </ClInclude>
    <ClInclude Include="edit.h">
      <Filter>Header Files</Filter>
    </ClInclude>
    <ClInclude Include="esp.h">
      <Filter>Header Files</Filter>
    </ClInclude>
    <ClInclude Include="esplist.h">
      <Filter>Header Files</Filter>
    </ClInclude>
    <ClInclude Include="esptree.h">
      <Filter>Header Files</Filter>
    </ClInclude>
    <ClInclude Include="ffwarp.h">
      <Filter>Header Files</Filter>
    </ClInclude>
    <ClInclude Include="file.h">
      <Filter>Header Files</Filter>
    </ClInclude>
    <ClInclude Include="floater.h">
      <Filter>Header Files</Filter>
    </ClInclude>
    <ClInclude Include="glppd.h">
      <Filter>Header Files</Filter>
    </ClInclude>
    <ClInclude Include="gltile.h">
      <Filter>Header Files</Filter>
    </ClInclude>
    <ClInclude Include="hestack.h">
      <Filter>Header Files</Filter>
    </ClInclude>
    <ClInclude Include="hidden.h">
      <Filter>Header Files</Filter>
    </ClInclude>
    <ClInclude Include="intsec.h">
      <Filter>Header Files</Filter>
    </ClInclude>
    <ClInclude Include="linbcg.h">
      <Filter>Header Files</Filter>
    </ClInclude>
    <ClInclude Include="MainFrm.h">
      <Filter>Header Files</Filter>
    </ClInclude>
    <ClInclude Include="Material.h">
      <Filter>Header Files</Filter>
    </ClInclude>
    <ClInclude Include="MaterialDialog.h">
      <Filter>Header Files</Filter>
    </ClInclude>
    <ClInclude Include="matlib.h">
      <Filter>Header Files</Filter>
    </ClInclude>
    <ClInclude Include="mdw.h">
      <Filter>Header Files</Filter>
    </ClInclude>
    <ClInclude Include="MeshInfoDialog.h">
      <Filter>Header Files</Filter>
    </ClInclude>
    <ClInclude Include="mtl.h">
      <Filter>Header Files</Filter>
    </ClInclude>
    <ClInclude Include="mytime.h">
      <Filter>Header Files</Filter>
    </ClInclude>
    <ClInclude Include="OpenGL.h">
      <Filter>Header Files</Filter>
    </ClInclude>
    <ClInclude Include="OpenGLDoc.h">
      <Filter>Header Files</Filter>
    </ClInclude>
    <ClInclude Include="OpenGLView.h">
      <Filter>Header Files</Filter>
    </ClInclude>
    <ClInclude Include="oppd.h">
      <Filter>Header Files</Filter>
    </ClInclude>
    <ClInclude Include="params.h">
      <Filter>Header Files</Filter>
    </ClInclude>
    <ClInclude Include="pick.h">
      <Filter>Header Files</Filter>
    </ClInclude>
    <ClInclude Include="ppd.h">
      <Filter>Header Files</Filter>
    </ClInclude>
    <ClInclude Include="ppdedge.h">
      <Filter>Header Files</Filter>
    </ClInclude>
    <ClInclude Include="ppdface.h">
      <Filter>Header Files</Filter>
    </ClInclude>
    <ClInclude Include="ppdlist.h">
      <Filter>Header Files</Filter>
    </ClInclude>
    <ClInclude Include="ppdloop.h">
      <Filter>Header Files</Filter>
    </ClInclude>
    <ClInclude Include="ppdnormal.h">
      <Filter>Header Files</Filter>
    </ClInclude>
    <ClInclude Include="ppdpart.h">
      <Filter>Header Files</Filter>
    </ClInclude>
    <ClInclude Include="ppdsolid.h">
      <Filter>Header Files</Filter>
    </ClInclude>
    <ClInclude Include="ppdvertex.h">
      <Filter>Header Files</Filter>
    </ClInclude>
    <ClInclude Include="ps.h">
      <Filter>Header Files</Filter>
    </ClInclude>
    <ClInclude Include="quadtree.h">
      <Filter>Header Files</Filter>
    </ClInclude>
    <ClInclude Include="QuitDialog.h">
      <Filter>Header Files</Filter>
    </ClInclude>
    <ClInclude Include="remesh.h">
      <Filter>Header Files</Filter>
    </ClInclude>
    <ClInclude Include="Resource.h">
      <Filter>Header Files</Filter>
    </ClInclude>
    <ClInclude Include="screen.h">
      <Filter>Header Files</Filter>
    </ClInclude>
    <ClInclude Include="sellist.h">
      <Filter>Header Files</Filter>
    </ClInclude>
    <ClInclude Include="sgprique.h">
      <Filter>Header Files</Filter>
    </ClInclude>
    <ClInclude Include="sgraph.h">
      <Filter>Header Files</Filter>
    </ClInclude>
    <ClInclude Include="sigproc.h">
      <Filter>Header Files</Filter>
    </ClInclude>
    <ClInclude Include="smd.h">
      <Filter>Header Files</Filter>
    </ClInclude>
    <ClInclude Include="smdsrc.h">
      <Filter>Header Files</Filter>
    </ClInclude>
    <ClInclude Include="smf.h">
      <Filter>Header Files</Filter>
    </ClInclude>
    <ClInclude Include="SPDialog.h">
      <Filter>Header Files</Filter>
    </ClInclude>
    <ClInclude Include="spedprique.h">
      <Filter>Header Files</Filter>
    </ClInclude>
    <ClInclude Include="spm.h">
      <Filter>Header Files</Filter>
    </ClInclude>
    <ClInclude Include="SRDialog.h">
      <Filter>Header Files</Filter>
    </ClInclude>
    <ClInclude Include="StdAfx.h">
      <Filter>Header Files</Filter>
    </ClInclude>
    <ClInclude Include="texture.h">
      <Filter>Header Files</Filter>
    </ClInclude>
    <ClInclude Include="tfcremesh.h">
      <Filter>Header Files</Filter>
    </ClInclude>
    <ClInclude Include="tile.h">
      <Filter>Header Files</Filter>
    </ClInclude>
    <ClInclude Include="TileDialog.h">
      <Filter>Header Files</Filter>
    </ClInclude>
    <ClInclude Include="umbrella.h">
      <Filter>Header Files</Filter>
    </ClInclude>
    <ClInclude Include="uvwsigproc.h">
      <Filter>Header Files</Filter>
    </ClInclude>
    <ClInclude Include="veclib.h">
      <Filter>Header Files</Filter>
    </ClInclude>
  </ItemGroup>
  <ItemGroup>
    <Image Include="res\bitmap1.bmp">
      <Filter>Resource Files</Filter>
    </Image>
    <Image Include="res\OpenGL.ico">
      <Filter>Resource Files</Filter>
    </Image>
    <Image Include="res\OpenGLDoc.ico">
      <Filter>Resource Files</Filter>
    </Image>
    <Image Include="res\Toolbar.bmp">
      <Filter>Resource Files</Filter>
    </Image>
  </ItemGroup>
  <ItemGroup>
    <Text Include="ReadMe.txt" />
  </ItemGroup>
  <ItemGroup>
    <CustomBuild Include="res\OpenGL.rc2">
      <Filter>Resource Files</Filter>
    </CustomBuild>
  </ItemGroup>
</Project>